
Microsoft Visual Studio Solution File, Format Version 12.00
# Visual Studio Version 16
VisualStudioVersion = 16.0.31025.194
MinimumVisualStudioVersion = 10.0.40219.1
Project("{FAE04EC0-301F-11D3-BF4B-00C04F79EFBC}") = "ReferenceTypes", "ReferenceTypes\ReferenceTypes.csproj", "{6565BFF7-38B4-4D60-8F1D-30611DE5625D}"
EndProject
Project("{FAE04EC0-301F-11D3-BF4B-00C04F79EFBC}") = "ValueTypes", "ValueTypes\ValueTypes.csproj", "{FEC77229-00F6-4F83-8557-0BC2DF85F4B9}"
EndProject
Global
	GlobalSection(SolutionConfigurationPlatforms) = preSolution
		Debug|Any CPU = Debug|Any CPU
		Release|Any CPU = Release|Any CPU
	EndGlobalSection
	GlobalSection(ProjectConfigurationPlatforms) = postSolution
		{6565BFF7-38B4-4D60-8F1D-30611DE5625D}.Debug|Any CPU.ActiveCfg = Debug|Any CPU
		{6565BFF7-38B4-4D60-8F1D-30611DE5625D}.Debug|Any CPU.Build.0 = Debug|Any CPU
		{6565BFF7-38B4-4D60-8F1D-30611DE5625D}.Release|Any CPU.ActiveCfg = Release|Any CPU
		{6565BFF7-38B4-4D60-8F1D-30611DE5625D}.Release|Any CPU.Build.0 = Release|Any CPU
		{FEC77229-00F6-4F83-8557-0BC2DF85F4B9}.Debug|Any CPU.ActiveCfg = Debug|Any CPU
		{FEC77229-00F6-4F83-8557-0BC2DF85F4B9}.Debug|Any CPU.Build.0 = Debug|Any CPU
		{FEC77229-00F6-4F83-8557-0BC2DF85F4B9}.Release|Any CPU.ActiveCfg = Release|Any CPU
		{FEC77229-00F6-4F83-8557-0BC2DF85F4B9}.Release|Any CPU.Build.0 = Release|Any CPU
	EndGlobalSection
	GlobalSection(SolutionProperties) = preSolution
		HideSolutionNode = FALSE
	EndGlobalSection
	GlobalSection(ExtensibilityGlobals) = postSolution
		SolutionGuid = {ECF969F2-E29F-40F8-8EA5-BD66AF93665F}
	EndGlobalSection
EndGlobal
